// !$*UTF8*$!
{
	archiveVersion = 1;
	classes = {
	};
	objectVersion = 56;
	objects = {

/* Begin PBXBuildFile section */
		0442AE8F28DB9EEE005DC23C /* ListCollectionReusableView.xib in Resources */ = {isa = PBXBuildFile; fileRef = 0442AE8E28DB9EEE005DC23C /* ListCollectionReusableView.xib */; };
		0442AE9328DB9F41005DC23C /* CarsSectionHeader.swift in Sources */ = {isa = PBXBuildFile; fileRef = 0442AE9128DB9F41005DC23C /* CarsSectionHeader.swift */; };
		0442AE9428DB9F41005DC23C /* CarsSectionHeader.xib in Resources */ = {isa = PBXBuildFile; fileRef = 0442AE9228DB9F41005DC23C /* CarsSectionHeader.xib */; };
		0442AE9C28DC37CA005DC23C /* FavoritesController.swift in Sources */ = {isa = PBXBuildFile; fileRef = 0442AE9A28DC37CA005DC23C /* FavoritesController.swift */; };
		0442AE9D28DC37CA005DC23C /* FavoritesController.xib in Resources */ = {isa = PBXBuildFile; fileRef = 0442AE9B28DC37CA005DC23C /* FavoritesController.xib */; };
		0442AEA128DC3809005DC23C /* FavoritesPresenter.swift in Sources */ = {isa = PBXBuildFile; fileRef = 0442AEA028DC3809005DC23C /* FavoritesPresenter.swift */; };
		0442AEA728DC4903005DC23C /* AdsController.swift in Sources */ = {isa = PBXBuildFile; fileRef = 0442AEA528DC4903005DC23C /* AdsController.swift */; };
		0442AEA828DC4903005DC23C /* AdsController.xib in Resources */ = {isa = PBXBuildFile; fileRef = 0442AEA628DC4903005DC23C /* AdsController.xib */; };
		0442AEAA28DC4918005DC23C /* AdsPresenter.swift in Sources */ = {isa = PBXBuildFile; fileRef = 0442AEA928DC4918005DC23C /* AdsPresenter.swift */; };
		04810CCF28D9F7190056F930 /* NewsCollectionViewCell.swift in Sources */ = {isa = PBXBuildFile; fileRef = 04810CCD28D9F7190056F930 /* NewsCollectionViewCell.swift */; };
		04810CD028D9F7190056F930 /* NewsCollectionViewCell.xib in Resources */ = {isa = PBXBuildFile; fileRef = 04810CCE28D9F7190056F930 /* NewsCollectionViewCell.xib */; };
		04810CD528D9FBBD0056F930 /* RecentlyWatchedCollectionViewCell.swift in Sources */ = {isa = PBXBuildFile; fileRef = 04810CD328D9FBBD0056F930 /* RecentlyWatchedCollectionViewCell.swift */; };
		04810CD628D9FBBD0056F930 /* RecentlyWatchedCollectionViewCell.xib in Resources */ = {isa = PBXBuildFile; fileRef = 04810CD428D9FBBD0056F930 /* RecentlyWatchedCollectionViewCell.xib */; };
		04810CD928DA0A730056F930 /* ListCollectionViewCell.swift in Sources */ = {isa = PBXBuildFile; fileRef = 04810CD728DA0A730056F930 /* ListCollectionViewCell.swift */; };
		04810CDA28DA0A730056F930 /* ListCollectionViewCell.xib in Resources */ = {isa = PBXBuildFile; fileRef = 04810CD828DA0A730056F930 /* ListCollectionViewCell.xib */; };
		048D473D28D873480027A376 /* TabBarController.swift in Sources */ = {isa = PBXBuildFile; fileRef = 048D473B28D873480027A376 /* TabBarController.swift */; };
		048D474128D873A00027A376 /* SearchController.swift in Sources */ = {isa = PBXBuildFile; fileRef = 048D473F28D873A00027A376 /* SearchController.swift */; };
		048D474228D873A00027A376 /* SearchController.xib in Resources */ = {isa = PBXBuildFile; fileRef = 048D474028D873A00027A376 /* SearchController.xib */; };
		048D474728D8A8420027A376 /* ModuleBuilder.swift in Sources */ = {isa = PBXBuildFile; fileRef = 048D474628D8A8420027A376 /* ModuleBuilder.swift */; };
		048D474928D8A8EF0027A376 /* SearchPresenter.swift in Sources */ = {isa = PBXBuildFile; fileRef = 048D474828D8A8EF0027A376 /* SearchPresenter.swift */; };
		048D475028D8B8290027A376 /* MenuButton.xib in Resources */ = {isa = PBXBuildFile; fileRef = 048D474F28D8B8290027A376 /* MenuButton.xib */; };
		048D475228D8B88D0027A376 /* MenuButton.swift in Sources */ = {isa = PBXBuildFile; fileRef = 048D475128D8B88D0027A376 /* MenuButton.swift */; };
		048D475528D8D9200027A376 /* SegmentedControl.swift in Sources */ = {isa = PBXBuildFile; fileRef = 048D475428D8D9200027A376 /* SegmentedControl.swift */; };
		048D475928D8E23F0027A376 /* SegmentedControlConfiguration.swift in Sources */ = {isa = PBXBuildFile; fileRef = 048D475828D8E23F0027A376 /* SegmentedControlConfiguration.swift */; };
		048D475B28D8E4DB0027A376 /* SegmentedControlViewDelegate.swift in Sources */ = {isa = PBXBuildFile; fileRef = 048D475A28D8E4DB0027A376 /* SegmentedControlViewDelegate.swift */; };
		0499284F28DA0F04006E8722 /* ListCollectionReusableView.swift in Sources */ = {isa = PBXBuildFile; fileRef = 0499284D28DA0F04006E8722 /* ListCollectionReusableView.swift */; };
		0499285428DA1244006E8722 /* SegmentedCollectionViewCell.swift in Sources */ = {isa = PBXBuildFile; fileRef = 0499285228DA1244006E8722 /* SegmentedCollectionViewCell.swift */; };
		0499285528DA1244006E8722 /* SegmentedCollectionViewCell.xib in Resources */ = {isa = PBXBuildFile; fileRef = 0499285328DA1244006E8722 /* SegmentedCollectionViewCell.xib */; };
		0499285928DA1348006E8722 /* CarsCollectionViewCell.swift in Sources */ = {isa = PBXBuildFile; fileRef = 0499285728DA1348006E8722 /* CarsCollectionViewCell.swift */; };
		0499285A28DA1348006E8722 /* CarsCollectionViewCell.xib in Resources */ = {isa = PBXBuildFile; fileRef = 0499285828DA1348006E8722 /* CarsCollectionViewCell.xib */; };
		04C20D4B28D9C87F0039C32E /* Transport.swift in Sources */ = {isa = PBXBuildFile; fileRef = 04C20D4A28D9C87F0039C32E /* Transport.swift */; };
		04C20D4D28D9C8F70039C32E /* TransportSection.swift in Sources */ = {isa = PBXBuildFile; fileRef = 04C20D4C28D9C8F70039C32E /* TransportSection.swift */; };
		04C20D4F28D9C91A0039C32E /* SectionType.swift in Sources */ = {isa = PBXBuildFile; fileRef = 04C20D4E28D9C91A0039C32E /* SectionType.swift */; };
		04E1B7B628D5052D00DD11DB /* AppDelegate.swift in Sources */ = {isa = PBXBuildFile; fileRef = 04E1B7B528D5052D00DD11DB /* AppDelegate.swift */; };
		04E1B7BF28D5052F00DD11DB /* Assets.xcassets in Resources */ = {isa = PBXBuildFile; fileRef = 04E1B7BE28D5052F00DD11DB /* Assets.xcassets */; };
		04E1B7C228D5052F00DD11DB /* LaunchScreen.storyboard in Resources */ = {isa = PBXBuildFile; fileRef = 04E1B7C028D5052F00DD11DB /* LaunchScreen.storyboard */; };
/* End PBXBuildFile section */

/* Begin PBXFileReference section */
		0442AE8E28DB9EEE005DC23C /* ListCollectionReusableView.xib */ = {isa = PBXFileReference; fileEncoding = 4; lastKnownFileType = file.xib; path = ListCollectionReusableView.xib; sourceTree = "<group>"; };
		0442AE9128DB9F41005DC23C /* CarsSectionHeader.swift */ = {isa = PBXFileReference; lastKnownFileType = sourcecode.swift; path = CarsSectionHeader.swift; sourceTree = "<group>"; };
		0442AE9228DB9F41005DC23C /* CarsSectionHeader.xib */ = {isa = PBXFileReference; lastKnownFileType = file.xib; path = CarsSectionHeader.xib; sourceTree = "<group>"; };
		0442AE9A28DC37CA005DC23C /* FavoritesController.swift */ = {isa = PBXFileReference; lastKnownFileType = sourcecode.swift; path = FavoritesController.swift; sourceTree = "<group>"; };
		0442AE9B28DC37CA005DC23C /* FavoritesController.xib */ = {isa = PBXFileReference; lastKnownFileType = file.xib; path = FavoritesController.xib; sourceTree = "<group>"; };
		0442AEA028DC3809005DC23C /* FavoritesPresenter.swift */ = {isa = PBXFileReference; lastKnownFileType = sourcecode.swift; path = FavoritesPresenter.swift; sourceTree = "<group>"; };
		0442AEA528DC4903005DC23C /* AdsController.swift */ = {isa = PBXFileReference; lastKnownFileType = sourcecode.swift; path = AdsController.swift; sourceTree = "<group>"; };
		0442AEA628DC4903005DC23C /* AdsController.xib */ = {isa = PBXFileReference; lastKnownFileType = file.xib; path = AdsController.xib; sourceTree = "<group>"; };
		0442AEA928DC4918005DC23C /* AdsPresenter.swift */ = {isa = PBXFileReference; lastKnownFileType = sourcecode.swift; path = AdsPresenter.swift; sourceTree = "<group>"; };
		04810CCD28D9F7190056F930 /* NewsCollectionViewCell.swift */ = {isa = PBXFileReference; lastKnownFileType = sourcecode.swift; path = NewsCollectionViewCell.swift; sourceTree = "<group>"; };
		04810CCE28D9F7190056F930 /* NewsCollectionViewCell.xib */ = {isa = PBXFileReference; lastKnownFileType = file.xib; path = NewsCollectionViewCell.xib; sourceTree = "<group>"; };
		04810CD328D9FBBD0056F930 /* RecentlyWatchedCollectionViewCell.swift */ = {isa = PBXFileReference; lastKnownFileType = sourcecode.swift; path = RecentlyWatchedCollectionViewCell.swift; sourceTree = "<group>"; };
		04810CD428D9FBBD0056F930 /* RecentlyWatchedCollectionViewCell.xib */ = {isa = PBXFileReference; lastKnownFileType = file.xib; path = RecentlyWatchedCollectionViewCell.xib; sourceTree = "<group>"; };
		04810CD728DA0A730056F930 /* ListCollectionViewCell.swift */ = {isa = PBXFileReference; lastKnownFileType = sourcecode.swift; path = ListCollectionViewCell.swift; sourceTree = "<group>"; };
		04810CD828DA0A730056F930 /* ListCollectionViewCell.xib */ = {isa = PBXFileReference; lastKnownFileType = file.xib; path = ListCollectionViewCell.xib; sourceTree = "<group>"; };
		048D473B28D873480027A376 /* TabBarController.swift */ = {isa = PBXFileReference; lastKnownFileType = sourcecode.swift; path = TabBarController.swift; sourceTree = "<group>"; };
		048D473F28D873A00027A376 /* SearchController.swift */ = {isa = PBXFileReference; lastKnownFileType = sourcecode.swift; path = SearchController.swift; sourceTree = "<group>"; };
		048D474028D873A00027A376 /* SearchController.xib */ = {isa = PBXFileReference; lastKnownFileType = file.xib; path = SearchController.xib; sourceTree = "<group>"; };
		048D474628D8A8420027A376 /* ModuleBuilder.swift */ = {isa = PBXFileReference; lastKnownFileType = sourcecode.swift; path = ModuleBuilder.swift; sourceTree = "<group>"; };
		048D474828D8A8EF0027A376 /* SearchPresenter.swift */ = {isa = PBXFileReference; lastKnownFileType = sourcecode.swift; path = SearchPresenter.swift; sourceTree = "<group>"; };
		048D474F28D8B8290027A376 /* MenuButton.xib */ = {isa = PBXFileReference; lastKnownFileType = file.xib; path = MenuButton.xib; sourceTree = "<group>"; };
		048D475128D8B88D0027A376 /* MenuButton.swift */ = {isa = PBXFileReference; lastKnownFileType = sourcecode.swift; path = MenuButton.swift; sourceTree = "<group>"; };
		048D475428D8D9200027A376 /* SegmentedControl.swift */ = {isa = PBXFileReference; lastKnownFileType = sourcecode.swift; path = SegmentedControl.swift; sourceTree = "<group>"; };
		048D475828D8E23F0027A376 /* SegmentedControlConfiguration.swift */ = {isa = PBXFileReference; lastKnownFileType = sourcecode.swift; path = SegmentedControlConfiguration.swift; sourceTree = "<group>"; };
		048D475A28D8E4DB0027A376 /* SegmentedControlViewDelegate.swift */ = {isa = PBXFileReference; lastKnownFileType = sourcecode.swift; path = SegmentedControlViewDelegate.swift; sourceTree = "<group>"; };
		0499284D28DA0F04006E8722 /* ListCollectionReusableView.swift */ = {isa = PBXFileReference; lastKnownFileType = sourcecode.swift; path = ListCollectionReusableView.swift; sourceTree = "<group>"; };
		0499285228DA1244006E8722 /* SegmentedCollectionViewCell.swift */ = {isa = PBXFileReference; lastKnownFileType = sourcecode.swift; path = SegmentedCollectionViewCell.swift; sourceTree = "<group>"; };
		0499285328DA1244006E8722 /* SegmentedCollectionViewCell.xib */ = {isa = PBXFileReference; lastKnownFileType = file.xib; path = SegmentedCollectionViewCell.xib; sourceTree = "<group>"; };
		0499285728DA1348006E8722 /* CarsCollectionViewCell.swift */ = {isa = PBXFileReference; lastKnownFileType = sourcecode.swift; path = CarsCollectionViewCell.swift; sourceTree = "<group>"; };
		0499285828DA1348006E8722 /* CarsCollectionViewCell.xib */ = {isa = PBXFileReference; lastKnownFileType = file.xib; path = CarsCollectionViewCell.xib; sourceTree = "<group>"; };
		04C20D4A28D9C87F0039C32E /* Transport.swift */ = {isa = PBXFileReference; lastKnownFileType = sourcecode.swift; path = Transport.swift; sourceTree = "<group>"; };
		04C20D4C28D9C8F70039C32E /* TransportSection.swift */ = {isa = PBXFileReference; lastKnownFileType = sourcecode.swift; path = TransportSection.swift; sourceTree = "<group>"; };
		04C20D4E28D9C91A0039C32E /* SectionType.swift */ = {isa = PBXFileReference; lastKnownFileType = sourcecode.swift; path = SectionType.swift; sourceTree = "<group>"; };
		04E1B7B228D5052D00DD11DB /* AutoRuAppPrototype.app */ = {isa = PBXFileReference; explicitFileType = wrapper.application; includeInIndex = 0; path = AutoRuAppPrototype.app; sourceTree = BUILT_PRODUCTS_DIR; };
		04E1B7B528D5052D00DD11DB /* AppDelegate.swift */ = {isa = PBXFileReference; lastKnownFileType = sourcecode.swift; path = AppDelegate.swift; sourceTree = "<group>"; };
		04E1B7BE28D5052F00DD11DB /* Assets.xcassets */ = {isa = PBXFileReference; lastKnownFileType = folder.assetcatalog; path = Assets.xcassets; sourceTree = "<group>"; };
		04E1B7C128D5052F00DD11DB /* Base */ = {isa = PBXFileReference; lastKnownFileType = file.storyboard; name = Base; path = Base.lproj/LaunchScreen.storyboard; sourceTree = "<group>"; };
		04E1B7C328D5052F00DD11DB /* Info.plist */ = {isa = PBXFileReference; lastKnownFileType = text.plist.xml; path = Info.plist; sourceTree = "<group>"; };
/* End PBXFileReference section */

/* Begin PBXFrameworksBuildPhase section */
		04E1B7AF28D5052D00DD11DB /* Frameworks */ = {
			isa = PBXFrameworksBuildPhase;
			buildActionMask = 2147483647;
			files = (
			);
			runOnlyForDeploymentPostprocessing = 0;
		};
/* End PBXFrameworksBuildPhase section */

/* Begin PBXGroup section */
		0442AE9028DB9F1A005DC23C /* CarsSectionHeader */ = {
			isa = PBXGroup;
			children = (
				0442AE9128DB9F41005DC23C /* CarsSectionHeader.swift */,
				0442AE9228DB9F41005DC23C /* CarsSectionHeader.xib */,
			);
			path = CarsSectionHeader;
			sourceTree = "<group>";
		};
		0442AE9528DBA7B2005DC23C /* FavoritesModule */ = {
			isa = PBXGroup;
			children = (
				0442AE9728DBA7E4005DC23C /* Presenter */,
				0442AE9628DBA7DC005DC23C /* View */,
			);
			path = FavoritesModule;
			sourceTree = "<group>";
		};
		0442AE9628DBA7DC005DC23C /* View */ = {
			isa = PBXGroup;
			children = (
				0442AE9A28DC37CA005DC23C /* FavoritesController.swift */,
				0442AE9B28DC37CA005DC23C /* FavoritesController.xib */,
			);
			path = View;
			sourceTree = "<group>";
		};
		0442AE9728DBA7E4005DC23C /* Presenter */ = {
			isa = PBXGroup;
			children = (
				0442AEA028DC3809005DC23C /* FavoritesPresenter.swift */,
			);
			path = Presenter;
			sourceTree = "<group>";
		};
		0442AEA228DC4526005DC23C /* AdsModule */ = {
			isa = PBXGroup;
			children = (
				0442AEA428DC48D9005DC23C /* Presenter */,
				0442AEA328DC48D4005DC23C /* View */,
			);
			path = AdsModule;
			sourceTree = "<group>";
		};
		0442AEA328DC48D4005DC23C /* View */ = {
			isa = PBXGroup;
			children = (
				0442AEA528DC4903005DC23C /* AdsController.swift */,
				0442AEA628DC4903005DC23C /* AdsController.xib */,
			);
			path = View;
			sourceTree = "<group>";
		};
		0442AEA428DC48D9005DC23C /* Presenter */ = {
			isa = PBXGroup;
			children = (
				0442AEA928DC4918005DC23C /* AdsPresenter.swift */,
			);
			path = Presenter;
			sourceTree = "<group>";
		};
		04760FDB28DB9D7A0055BEA1 /* ListCollectionReusableView */ = {
			isa = PBXGroup;
			children = (
				0499284D28DA0F04006E8722 /* ListCollectionReusableView.swift */,
				0442AE8E28DB9EEE005DC23C /* ListCollectionReusableView.xib */,
			);
			path = ListCollectionReusableView;
			sourceTree = "<group>";
		};
		04810CC828D9F68A0056F930 /* CollectionViewCells */ = {
			isa = PBXGroup;
			children = (
				0499285628DA1331006E8722 /* CarsCollectionViewCell */,
				0499285128DA1225006E8722 /* SegmentedCollectionViewCell */,
				04810CDB28DA0A7B0056F930 /* ListCollectionViewCell */,
				04810CD228D9FB9F0056F930 /* ResentlyWatchedCollectionViewCell */,
				04810CD128D9FB930056F930 /* NewsCollectionViewCell */,
			);
			path = CollectionViewCells;
			sourceTree = "<group>";
		};
		04810CD128D9FB930056F930 /* NewsCollectionViewCell */ = {
			isa = PBXGroup;
			children = (
				04810CCD28D9F7190056F930 /* NewsCollectionViewCell.swift */,
				04810CCE28D9F7190056F930 /* NewsCollectionViewCell.xib */,
			);
			path = NewsCollectionViewCell;
			sourceTree = "<group>";
		};
		04810CD228D9FB9F0056F930 /* ResentlyWatchedCollectionViewCell */ = {
			isa = PBXGroup;
			children = (
				04810CD328D9FBBD0056F930 /* RecentlyWatchedCollectionViewCell.swift */,
				04810CD428D9FBBD0056F930 /* RecentlyWatchedCollectionViewCell.xib */,
			);
			path = ResentlyWatchedCollectionViewCell;
			sourceTree = "<group>";
		};
		04810CDB28DA0A7B0056F930 /* ListCollectionViewCell */ = {
			isa = PBXGroup;
			children = (
				04810CD728DA0A730056F930 /* ListCollectionViewCell.swift */,
				04810CD828DA0A730056F930 /* ListCollectionViewCell.xib */,
			);
			path = ListCollectionViewCell;
			sourceTree = "<group>";
		};
		048D473628D870500027A376 /* View */ = {
			isa = PBXGroup;
			children = (
				048D473F28D873A00027A376 /* SearchController.swift */,
				048D474028D873A00027A376 /* SearchController.xib */,
			);
			path = View;
			sourceTree = "<group>";
		};
		048D474328D8A8090027A376 /* Presenter */ = {
			isa = PBXGroup;
			children = (
				048D474828D8A8EF0027A376 /* SearchPresenter.swift */,
			);
			path = Presenter;
			sourceTree = "<group>";
		};
		048D474428D8A80E0027A376 /* Model */ = {
			isa = PBXGroup;
			children = (
				04C20D4A28D9C87F0039C32E /* Transport.swift */,
				04C20D4C28D9C8F70039C32E /* TransportSection.swift */,
				04C20D4E28D9C91A0039C32E /* SectionType.swift */,
			);
			path = Model;
			sourceTree = "<group>";
		};
		048D474528D8A82C0027A376 /* ModuleBuilder */ = {
			isa = PBXGroup;
			children = (
				048D474628D8A8420027A376 /* ModuleBuilder.swift */,
			);
			path = ModuleBuilder;
			sourceTree = "<group>";
		};
		048D474E28D8B7CE0027A376 /* MenuButton */ = {
			isa = PBXGroup;
			children = (
				048D475128D8B88D0027A376 /* MenuButton.swift */,
				048D474F28D8B8290027A376 /* MenuButton.xib */,
			);
			path = MenuButton;
			sourceTree = "<group>";
		};
		048D475328D8D8FB0027A376 /* SegmentedControl */ = {
			isa = PBXGroup;
			children = (
				048D475428D8D9200027A376 /* SegmentedControl.swift */,
				048D475828D8E23F0027A376 /* SegmentedControlConfiguration.swift */,
				048D475A28D8E4DB0027A376 /* SegmentedControlViewDelegate.swift */,
			);
			path = SegmentedControl;
			sourceTree = "<group>";
		};
		0499284C28DA0E66006E8722 /* CollectionViewReusableViews */ = {
			isa = PBXGroup;
			children = (
				0442AE9028DB9F1A005DC23C /* CarsSectionHeader */,
				04760FDB28DB9D7A0055BEA1 /* ListCollectionReusableView */,
			);
			path = CollectionViewReusableViews;
			sourceTree = "<group>";
		};
		0499285128DA1225006E8722 /* SegmentedCollectionViewCell */ = {
			isa = PBXGroup;
			children = (
				0499285228DA1244006E8722 /* SegmentedCollectionViewCell.swift */,
				0499285328DA1244006E8722 /* SegmentedCollectionViewCell.xib */,
			);
			path = SegmentedCollectionViewCell;
			sourceTree = "<group>";
		};
		0499285628DA1331006E8722 /* CarsCollectionViewCell */ = {
			isa = PBXGroup;
			children = (
				0499285728DA1348006E8722 /* CarsCollectionViewCell.swift */,
				0499285828DA1348006E8722 /* CarsCollectionViewCell.xib */,
			);
			path = CarsCollectionViewCell;
			sourceTree = "<group>";
		};
		04E1B7A928D5052D00DD11DB = {
			isa = PBXGroup;
			children = (
				04E1B7B428D5052D00DD11DB /* AutoRuAppPrototype */,
				04E1B7B328D5052D00DD11DB /* Products */,
			);
			sourceTree = "<group>";
		};
		04E1B7B328D5052D00DD11DB /* Products */ = {
			isa = PBXGroup;
			children = (
				04E1B7B228D5052D00DD11DB /* AutoRuAppPrototype.app */,
			);
			name = Products;
			sourceTree = "<group>";
		};
		04E1B7B428D5052D00DD11DB /* AutoRuAppPrototype */ = {
			isa = PBXGroup;
			children = (
				04E1B7CF28D507F800DD11DB /* Sources */,
				04E1B7D228D5081900DD11DB /* Resources */,
			);
			path = AutoRuAppPrototype;
			sourceTree = "<group>";
		};
		04E1B7CF28D507F800DD11DB /* Sources */ = {
			isa = PBXGroup;
			children = (
				04E1B7D028D507FD00DD11DB /* App */,
				048D474528D8A82C0027A376 /* ModuleBuilder */,
				04E1B7D828D52C6300DD11DB /* TabBarController */,
				04E1B7D128D5080900DD11DB /* SearchModule */,
				0442AE9528DBA7B2005DC23C /* FavoritesModule */,
				0442AEA228DC4526005DC23C /* AdsModule */,
			);
			path = Sources;
			sourceTree = "<group>";
		};
		04E1B7D028D507FD00DD11DB /* App */ = {
			isa = PBXGroup;
			children = (
				04E1B7B528D5052D00DD11DB /* AppDelegate.swift */,
			);
			path = App;
			sourceTree = "<group>";
		};
		04E1B7D128D5080900DD11DB /* SearchModule */ = {
			isa = PBXGroup;
			children = (
				0499284C28DA0E66006E8722 /* CollectionViewReusableViews */,
				04810CC828D9F68A0056F930 /* CollectionViewCells */,
				048D474E28D8B7CE0027A376 /* MenuButton */,
				048D475328D8D8FB0027A376 /* SegmentedControl */,
				048D474428D8A80E0027A376 /* Model */,
				048D474328D8A8090027A376 /* Presenter */,
				048D473628D870500027A376 /* View */,
			);
			path = SearchModule;
			sourceTree = "<group>";
		};
		04E1B7D228D5081900DD11DB /* Resources */ = {
			isa = PBXGroup;
			children = (
				04E1B7BE28D5052F00DD11DB /* Assets.xcassets */,
				04E1B7C028D5052F00DD11DB /* LaunchScreen.storyboard */,
				04E1B7C328D5052F00DD11DB /* Info.plist */,
			);
			path = Resources;
			sourceTree = "<group>";
		};
		04E1B7D828D52C6300DD11DB /* TabBarController */ = {
			isa = PBXGroup;
			children = (
				048D473B28D873480027A376 /* TabBarController.swift */,
			);
			path = TabBarController;
			sourceTree = "<group>";
		};
/* End PBXGroup section */

/* Begin PBXNativeTarget section */
		04E1B7B128D5052D00DD11DB /* AutoRuAppPrototype */ = {
			isa = PBXNativeTarget;
			buildConfigurationList = 04E1B7C628D5052F00DD11DB /* Build configuration list for PBXNativeTarget "AutoRuAppPrototype" */;
			buildPhases = (
				04E1B7AE28D5052D00DD11DB /* Sources */,
				04E1B7AF28D5052D00DD11DB /* Frameworks */,
				04E1B7B028D5052D00DD11DB /* Resources */,
			);
			buildRules = (
			);
			dependencies = (
			);
			name = AutoRuAppPrototype;
			productName = AutoRuAppPrototype;
			productReference = 04E1B7B228D5052D00DD11DB /* AutoRuAppPrototype.app */;
			productType = "com.apple.product-type.application";
		};
/* End PBXNativeTarget section */

/* Begin PBXProject section */
		04E1B7AA28D5052D00DD11DB /* Project object */ = {
			isa = PBXProject;
			attributes = {
				BuildIndependentTargetsInParallel = 1;
				LastSwiftUpdateCheck = 1400;
				LastUpgradeCheck = 1400;
				TargetAttributes = {
					04E1B7B128D5052D00DD11DB = {
						CreatedOnToolsVersion = 14.0;
					};
				};
			};
			buildConfigurationList = 04E1B7AD28D5052D00DD11DB /* Build configuration list for PBXProject "AutoRuAppPrototype" */;
			compatibilityVersion = "Xcode 14.0";
			developmentRegion = en;
			hasScannedForEncodings = 0;
			knownRegions = (
				en,
				Base,
			);
			mainGroup = 04E1B7A928D5052D00DD11DB;
			productRefGroup = 04E1B7B328D5052D00DD11DB /* Products */;
			projectDirPath = "";
			projectRoot = "";
			targets = (
				04E1B7B128D5052D00DD11DB /* AutoRuAppPrototype */,
			);
		};
/* End PBXProject section */

/* Begin PBXResourcesBuildPhase section */
		04E1B7B028D5052D00DD11DB /* Resources */ = {
			isa = PBXResourcesBuildPhase;
			buildActionMask = 2147483647;
			files = (
				048D475028D8B8290027A376 /* MenuButton.xib in Resources */,
				0499285A28DA1348006E8722 /* CarsCollectionViewCell.xib in Resources */,
				04810CDA28DA0A730056F930 /* ListCollectionViewCell.xib in Resources */,
				0442AE9428DB9F41005DC23C /* CarsSectionHeader.xib in Resources */,
				04810CD628D9FBBD0056F930 /* RecentlyWatchedCollectionViewCell.xib in Resources */,
				04E1B7C228D5052F00DD11DB /* LaunchScreen.storyboard in Resources */,
				04E1B7BF28D5052F00DD11DB /* Assets.xcassets in Resources */,
				0442AEA828DC4903005DC23C /* AdsController.xib in Resources */,
				04810CD028D9F7190056F930 /* NewsCollectionViewCell.xib in Resources */,
				0442AE8F28DB9EEE005DC23C /* ListCollectionReusableView.xib in Resources */,
				0499285528DA1244006E8722 /* SegmentedCollectionViewCell.xib in Resources */,
				048D474228D873A00027A376 /* SearchController.xib in Resources */,
				0442AE9D28DC37CA005DC23C /* FavoritesController.xib in Resources */,
			);
			runOnlyForDeploymentPostprocessing = 0;
		};
/* End PBXResourcesBuildPhase section */

/* Begin PBXSourcesBuildPhase section */
		04E1B7AE28D5052D00DD11DB /* Sources */ = {
			isa = PBXSourcesBuildPhase;
			buildActionMask = 2147483647;
			files = (
				048D475B28D8E4DB0027A376 /* SegmentedControlViewDelegate.swift in Sources */,
				048D473D28D873480027A376 /* TabBarController.swift in Sources */,
				0442AEA728DC4903005DC23C /* AdsController.swift in Sources */,
				0499285428DA1244006E8722 /* SegmentedCollectionViewCell.swift in Sources */,
				0499284F28DA0F04006E8722 /* ListCollectionReusableView.swift in Sources */,
				0442AE9328DB9F41005DC23C /* CarsSectionHeader.swift in Sources */,
				04C20D4D28D9C8F70039C32E /* TransportSection.swift in Sources */,
				04810CD528D9FBBD0056F930 /* RecentlyWatchedCollectionViewCell.swift in Sources */,
				0442AE9C28DC37CA005DC23C /* FavoritesController.swift in Sources */,
				04810CCF28D9F7190056F930 /* NewsCollectionViewCell.swift in Sources */,
				048D474128D873A00027A376 /* SearchController.swift in Sources */,
				04810CD928DA0A730056F930 /* ListCollectionViewCell.swift in Sources */,
				0442AEAA28DC4918005DC23C /* AdsPresenter.swift in Sources */,
				048D475528D8D9200027A376 /* SegmentedControl.swift in Sources */,
				048D475928D8E23F0027A376 /* SegmentedControlConfiguration.swift in Sources */,
				048D475228D8B88D0027A376 /* MenuButton.swift in Sources */,
				048D474928D8A8EF0027A376 /* SearchPresenter.swift in Sources */,
				04C20D4B28D9C87F0039C32E /* Transport.swift in Sources */,
				04E1B7B628D5052D00DD11DB /* AppDelegate.swift in Sources */,
				048D474728D8A8420027A376 /* ModuleBuilder.swift in Sources */,
				04C20D4F28D9C91A0039C32E /* SectionType.swift in Sources */,
				0499285928DA1348006E8722 /* CarsCollectionViewCell.swift in Sources */,
				0442AEA128DC3809005DC23C /* FavoritesPresenter.swift in Sources */,
			);
			runOnlyForDeploymentPostprocessing = 0;
		};
/* End PBXSourcesBuildPhase section */

/* Begin PBXVariantGroup section */
		04E1B7C028D5052F00DD11DB /* LaunchScreen.storyboard */ = {
			isa = PBXVariantGroup;
			children = (
				04E1B7C128D5052F00DD11DB /* Base */,
			);
			name = LaunchScreen.storyboard;
			sourceTree = "<group>";
		};
/* End PBXVariantGroup section */

/* Begin XCBuildConfiguration section */
		04E1B7C428D5052F00DD11DB /* Debug */ = {
			isa = XCBuildConfiguration;
			buildSettings = {
				ALWAYS_SEARCH_USER_PATHS = NO;
				CLANG_ANALYZER_NONNULL = YES;
				CLANG_ANALYZER_NUMBER_OBJECT_CONVERSION = YES_AGGRESSIVE;
				CLANG_CXX_LANGUAGE_STANDARD = "gnu++20";
				CLANG_ENABLE_MODULES = YES;
				CLANG_ENABLE_OBJC_ARC = YES;
				CLANG_ENABLE_OBJC_WEAK = YES;
				CLANG_WARN_BLOCK_CAPTURE_AUTORELEASING = YES;
				CLANG_WARN_BOOL_CONVERSION = YES;
				CLANG_WARN_COMMA = YES;
				CLANG_WARN_CONSTANT_CONVERSION = YES;
				CLANG_WARN_DEPRECATED_OBJC_IMPLEMENTATIONS = YES;
				CLANG_WARN_DIRECT_OBJC_ISA_USAGE = YES_ERROR;
				CLANG_WARN_DOCUMENTATION_COMMENTS = YES;
				CLANG_WARN_EMPTY_BODY = YES;
				CLANG_WARN_ENUM_CONVERSION = YES;
				CLANG_WARN_INFINITE_RECURSION = YES;
				CLANG_WARN_INT_CONVERSION = YES;
				CLANG_WARN_NON_LITERAL_NULL_CONVERSION = YES;
				CLANG_WARN_OBJC_IMPLICIT_RETAIN_SELF = YES;
				CLANG_WARN_OBJC_LITERAL_CONVERSION = YES;
				CLANG_WARN_OBJC_ROOT_CLASS = YES_ERROR;
				CLANG_WARN_QUOTED_INCLUDE_IN_FRAMEWORK_HEADER = YES;
				CLANG_WARN_RANGE_LOOP_ANALYSIS = YES;
				CLANG_WARN_STRICT_PROTOTYPES = YES;
				CLANG_WARN_SUSPICIOUS_MOVE = YES;
				CLANG_WARN_UNGUARDED_AVAILABILITY = YES_AGGRESSIVE;
				CLANG_WARN_UNREACHABLE_CODE = YES;
				CLANG_WARN__DUPLICATE_METHOD_MATCH = YES;
				COPY_PHASE_STRIP = NO;
				DEBUG_INFORMATION_FORMAT = dwarf;
				ENABLE_STRICT_OBJC_MSGSEND = YES;
				ENABLE_TESTABILITY = YES;
				GCC_C_LANGUAGE_STANDARD = gnu11;
				GCC_DYNAMIC_NO_PIC = NO;
				GCC_NO_COMMON_BLOCKS = YES;
				GCC_OPTIMIZATION_LEVEL = 0;
				GCC_PREPROCESSOR_DEFINITIONS = (
					"DEBUG=1",
					"$(inherited)",
				);
				GCC_WARN_64_TO_32_BIT_CONVERSION = YES;
				GCC_WARN_ABOUT_RETURN_TYPE = YES_ERROR;
				GCC_WARN_UNDECLARED_SELECTOR = YES;
				GCC_WARN_UNINITIALIZED_AUTOS = YES_AGGRESSIVE;
				GCC_WARN_UNUSED_FUNCTION = YES;
				GCC_WARN_UNUSED_VARIABLE = YES;
				IPHONEOS_DEPLOYMENT_TARGET = 16.0;
				MTL_ENABLE_DEBUG_INFO = INCLUDE_SOURCE;
				MTL_FAST_MATH = YES;
				ONLY_ACTIVE_ARCH = YES;
				SDKROOT = iphoneos;
				SWIFT_ACTIVE_COMPILATION_CONDITIONS = DEBUG;
				SWIFT_OPTIMIZATION_LEVEL = "-Onone";
			};
			name = Debug;
		};
		04E1B7C528D5052F00DD11DB /* Release */ = {
			isa = XCBuildConfiguration;
			buildSettings = {
				ALWAYS_SEARCH_USER_PATHS = NO;
				CLANG_ANALYZER_NONNULL = YES;
				CLANG_ANALYZER_NUMBER_OBJECT_CONVERSION = YES_AGGRESSIVE;
				CLANG_CXX_LANGUAGE_STANDARD = "gnu++20";
				CLANG_ENABLE_MODULES = YES;
				CLANG_ENABLE_OBJC_ARC = YES;
				CLANG_ENABLE_OBJC_WEAK = YES;
				CLANG_WARN_BLOCK_CAPTURE_AUTORELEASING = YES;
				CLANG_WARN_BOOL_CONVERSION = YES;
				CLANG_WARN_COMMA = YES;
				CLANG_WARN_CONSTANT_CONVERSION = YES;
				CLANG_WARN_DEPRECATED_OBJC_IMPLEMENTATIONS = YES;
				CLANG_WARN_DIRECT_OBJC_ISA_USAGE = YES_ERROR;
				CLANG_WARN_DOCUMENTATION_COMMENTS = YES;
				CLANG_WARN_EMPTY_BODY = YES;
				CLANG_WARN_ENUM_CONVERSION = YES;
				CLANG_WARN_INFINITE_RECURSION = YES;
				CLANG_WARN_INT_CONVERSION = YES;
				CLANG_WARN_NON_LITERAL_NULL_CONVERSION = YES;
				CLANG_WARN_OBJC_IMPLICIT_RETAIN_SELF = YES;
				CLANG_WARN_OBJC_LITERAL_CONVERSION = YES;
				CLANG_WARN_OBJC_ROOT_CLASS = YES_ERROR;
				CLANG_WARN_QUOTED_INCLUDE_IN_FRAMEWORK_HEADER = YES;
				CLANG_WARN_RANGE_LOOP_ANALYSIS = YES;
				CLANG_WARN_STRICT_PROTOTYPES = YES;
				CLANG_WARN_SUSPICIOUS_MOVE = YES;
				CLANG_WARN_UNGUARDED_AVAILABILITY = YES_AGGRESSIVE;
				CLANG_WARN_UNREACHABLE_CODE = YES;
				CLANG_WARN__DUPLICATE_METHOD_MATCH = YES;
				COPY_PHASE_STRIP = NO;
				DEBUG_INFORMATION_FORMAT = "dwarf-with-dsym";
				ENABLE_NS_ASSERTIONS = NO;
				ENABLE_STRICT_OBJC_MSGSEND = YES;
				GCC_C_LANGUAGE_STANDARD = gnu11;
				GCC_NO_COMMON_BLOCKS = YES;
				GCC_WARN_64_TO_32_BIT_CONVERSION = YES;
				GCC_WARN_ABOUT_RETURN_TYPE = YES_ERROR;
				GCC_WARN_UNDECLARED_SELECTOR = YES;
				GCC_WARN_UNINITIALIZED_AUTOS = YES_AGGRESSIVE;
				GCC_WARN_UNUSED_FUNCTION = YES;
				GCC_WARN_UNUSED_VARIABLE = YES;
				IPHONEOS_DEPLOYMENT_TARGET = 16.0;
				MTL_ENABLE_DEBUG_INFO = NO;
				MTL_FAST_MATH = YES;
				SDKROOT = iphoneos;
				SWIFT_COMPILATION_MODE = wholemodule;
				SWIFT_OPTIMIZATION_LEVEL = "-O";
				VALIDATE_PRODUCT = YES;
			};
			name = Release;
		};
		04E1B7C728D5052F00DD11DB /* Debug */ = {
			isa = XCBuildConfiguration;
			buildSettings = {
				ASSETCATALOG_COMPILER_APPICON_NAME = AppIcon;
				ASSETCATALOG_COMPILER_GLOBAL_ACCENT_COLOR_NAME = AccentColor;
				CODE_SIGN_STYLE = Automatic;
				CURRENT_PROJECT_VERSION = 1;
				DEVELOPMENT_TEAM = 34TG2Y4HBL;
				GENERATE_INFOPLIST_FILE = YES;
				INFOPLIST_FILE = AutoRuAppPrototype/Resources/Info.plist;
				INFOPLIST_KEY_UIApplicationSupportsIndirectInputEvents = YES;
				INFOPLIST_KEY_UILaunchStoryboardName = LaunchScreen;
				INFOPLIST_KEY_UISupportedInterfaceOrientations_iPad = "UIInterfaceOrientationPortrait UIInterfaceOrientationPortraitUpsideDown UIInterfaceOrientationLandscapeLeft UIInterfaceOrientationLandscapeRight";
				INFOPLIST_KEY_UISupportedInterfaceOrientations_iPhone = "UIInterfaceOrientationPortrait UIInterfaceOrientationLandscapeLeft UIInterfaceOrientationLandscapeRight";
				INFOPLIST_KEY_UIUserInterfaceStyle = Light;
				LD_RUNPATH_SEARCH_PATHS = (
					"$(inherited)",
					"@executable_path/Frameworks",
				);
				MARKETING_VERSION = 1.0;
				PRODUCT_BUNDLE_IDENTIFIER = com.my.AutoRuAppPrototype;
				PRODUCT_NAME = "$(TARGET_NAME)";
				SWIFT_EMIT_LOC_STRINGS = YES;
				SWIFT_VERSION = 5.0;
				TARGETED_DEVICE_FAMILY = "1,2";
			};
			name = Debug;
		};
		04E1B7C828D5052F00DD11DB /* Release */ = {
			isa = XCBuildConfiguration;
			buildSettings = {
				ASSETCATALOG_COMPILER_APPICON_NAME = AppIcon;
				ASSETCATALOG_COMPILER_GLOBAL_ACCENT_COLOR_NAME = AccentColor;
				CODE_SIGN_STYLE = Automatic;
				CURRENT_PROJECT_VERSION = 1;
				DEVELOPMENT_TEAM = 34TG2Y4HBL;
				GENERATE_INFOPLIST_FILE = YES;
				INFOPLIST_FILE = AutoRuAppPrototype/Resources/Info.plist;
				INFOPLIST_KEY_UIApplicationSupportsIndirectInputEvents = YES;
				INFOPLIST_KEY_UILaunchStoryboardName = LaunchScreen;
				INFOPLIST_KEY_UISupportedInterfaceOrientations_iPad = "UIInterfaceOrientationPortrait UIInterfaceOrientationPortraitUpsideDown UIInterfaceOrientationLandscapeLeft UIInterfaceOrientationLandscapeRight";
				INFOPLIST_KEY_UISupportedInterfaceOrientations_iPhone = "UIInterfaceOrientationPortrait UIInterfaceOrientationLandscapeLeft UIInterfaceOrientationLandscapeRight";
				INFOPLIST_KEY_UIUserInterfaceStyle = Light;
				LD_RUNPATH_SEARCH_PATHS = (
					"$(inherited)",
					"@executable_path/Frameworks",
				);
				MARKETING_VERSION = 1.0;
				PRODUCT_BUNDLE_IDENTIFIER = com.my.AutoRuAppPrototype;
				PRODUCT_NAME = "$(TARGET_NAME)";
				SWIFT_EMIT_LOC_STRINGS = YES;
				SWIFT_VERSION = 5.0;
				TARGETED_DEVICE_FAMILY = "1,2";
			};
			name = Release;
		};
/* End XCBuildConfiguration section */

/* Begin XCConfigurationList section */
		04E1B7AD28D5052D00DD11DB /* Build configuration list for PBXProject "AutoRuAppPrototype" */ = {
			isa = XCConfigurationList;
			buildConfigurations = (
				04E1B7C428D5052F00DD11DB /* Debug */,
				04E1B7C528D5052F00DD11DB /* Release */,
			);
			defaultConfigurationIsVisible = 0;
			defaultConfigurationName = Release;
		};
		04E1B7C628D5052F00DD11DB /* Build configuration list for PBXNativeTarget "AutoRuAppPrototype" */ = {
			isa = XCConfigurationList;
			buildConfigurations = (
				04E1B7C728D5052F00DD11DB /* Debug */,
				04E1B7C828D5052F00DD11DB /* Release */,
			);
			defaultConfigurationIsVisible = 0;
			defaultConfigurationName = Release;
		};
/* End XCConfigurationList section */
	};
	rootObject = 04E1B7AA28D5052D00DD11DB /* Project object */;
}
